// !$*UTF8*$!
{
	archiveVersion = 1;
	classes = {
	};
	objectVersion = 56;
	objects = {

/* Begin PBXBuildFile section */
		DD7EB9B929D31ABB00371AD8 /* AppDelegate.swift in Sources */ = {isa = PBXBuildFile; fileRef = DD7EB9B829D31ABB00371AD8 /* AppDelegate.swift */; };
		DD7EB9BB29D31ABB00371AD8 /* SceneDelegate.swift in Sources */ = {isa = PBXBuildFile; fileRef = DD7EB9BA29D31ABB00371AD8 /* SceneDelegate.swift */; };
		DD7EB9BD29D31ABB00371AD8 /* ViewController.swift in Sources */ = {isa = PBXBuildFile; fileRef = DD7EB9BC29D31ABB00371AD8 /* ViewController.swift */; };
		DD7EB9C029D31ABB00371AD8 /* Main.storyboard in Resources */ = {isa = PBXBuildFile; fileRef = DD7EB9BE29D31ABB00371AD8 /* Main.storyboard */; };
		DD7EB9C229D31AC000371AD8 /* Assets.xcassets in Resources */ = {isa = PBXBuildFile; fileRef = DD7EB9C129D31AC000371AD8 /* Assets.xcassets */; };
		DD7EB9C529D31AC000371AD8 /* LaunchScreen.storyboard in Resources */ = {isa = PBXBuildFile; fileRef = DD7EB9C329D31AC000371AD8 /* LaunchScreen.storyboard */; };
		DD7EB9D029D3217500371AD8 /* DemoViewController.swift in Sources */ = {isa = PBXBuildFile; fileRef = DD7EB9CF29D3217500371AD8 /* DemoViewController.swift */; };
		DD7EB9D229D321AE00371AD8 /* DemoViewController.storyboard in Resources */ = {isa = PBXBuildFile; fileRef = DD7EB9D129D321AE00371AD8 /* DemoViewController.storyboard */; };
		DD81802629D331FD00C4DF1F /* LoginViewController.swift in Sources */ = {isa = PBXBuildFile; fileRef = DD81802529D331FD00C4DF1F /* LoginViewController.swift */; };
		DD81802829D3321C00C4DF1F /* LoginViewController.storyboard in Resources */ = {isa = PBXBuildFile; fileRef = DD81802729D3321C00C4DF1F /* LoginViewController.storyboard */; };
		DD81802A29D336D400C4DF1F /* TermsViewController.storyboard in Resources */ = {isa = PBXBuildFile; fileRef = DD81802929D336D400C4DF1F /* TermsViewController.storyboard */; };
		DD81802D29D336F500C4DF1F /* TermsViewController.swift in Sources */ = {isa = PBXBuildFile; fileRef = DD81802C29D336F500C4DF1F /* TermsViewController.swift */; };
/* End PBXBuildFile section */

/* Begin PBXFileReference section */
		DD7EB9B529D31ABB00371AD8 /* NavigationWithoutSegues.app */ = {isa = PBXFileReference; explicitFileType = wrapper.application; includeInIndex = 0; path = NavigationWithoutSegues.app; sourceTree = BUILT_PRODUCTS_DIR; };
		DD7EB9B829D31ABB00371AD8 /* AppDelegate.swift */ = {isa = PBXFileReference; lastKnownFileType = sourcecode.swift; path = AppDelegate.swift; sourceTree = "<group>"; };
		DD7EB9BA29D31ABB00371AD8 /* SceneDelegate.swift */ = {isa = PBXFileReference; lastKnownFileType = sourcecode.swift; path = SceneDelegate.swift; sourceTree = "<group>"; };
		DD7EB9BC29D31ABB00371AD8 /* ViewController.swift */ = {isa = PBXFileReference; lastKnownFileType = sourcecode.swift; path = ViewController.swift; sourceTree = "<group>"; };
		DD7EB9BF29D31ABB00371AD8 /* Base */ = {isa = PBXFileReference; lastKnownFileType = file.storyboard; name = Base; path = Base.lproj/Main.storyboard; sourceTree = "<group>"; };
		DD7EB9C129D31AC000371AD8 /* Assets.xcassets */ = {isa = PBXFileReference; lastKnownFileType = folder.assetcatalog; path = Assets.xcassets; sourceTree = "<group>"; };
		DD7EB9C429D31AC000371AD8 /* Base */ = {isa = PBXFileReference; lastKnownFileType = file.storyboard; name = Base; path = Base.lproj/LaunchScreen.storyboard; sourceTree = "<group>"; };
		DD7EB9C629D31AC000371AD8 /* Info.plist */ = {isa = PBXFileReference; lastKnownFileType = text.plist.xml; path = Info.plist; sourceTree = "<group>"; };
		DD7EB9CF29D3217500371AD8 /* DemoViewController.swift */ = {isa = PBXFileReference; lastKnownFileType = sourcecode.swift; path = DemoViewController.swift; sourceTree = "<group>"; };
		DD7EB9D129D321AE00371AD8 /* DemoViewController.storyboard */ = {isa = PBXFileReference; lastKnownFileType = file.storyboard; path = DemoViewController.storyboard; sourceTree = "<group>"; };
		DD81802529D331FD00C4DF1F /* LoginViewController.swift */ = {isa = PBXFileReference; lastKnownFileType = sourcecode.swift; path = LoginViewController.swift; sourceTree = "<group>"; };
		DD81802729D3321C00C4DF1F /* LoginViewController.storyboard */ = {isa = PBXFileReference; lastKnownFileType = file.storyboard; path = LoginViewController.storyboard; sourceTree = "<group>"; };
		DD81802929D336D400C4DF1F /* TermsViewController.storyboard */ = {isa = PBXFileReference; lastKnownFileType = file.storyboard; path = TermsViewController.storyboard; sourceTree = "<group>"; };
		DD81802C29D336F500C4DF1F /* TermsViewController.swift */ = {isa = PBXFileReference; lastKnownFileType = sourcecode.swift; path = TermsViewController.swift; sourceTree = "<group>"; };
/* End PBXFileReference section */

/* Begin PBXFrameworksBuildPhase section */
		DD7EB9B229D31ABB00371AD8 /* Frameworks */ = {
			isa = PBXFrameworksBuildPhase;
			buildActionMask = 2147483647;
			files = (
			);
			runOnlyForDeploymentPostprocessing = 0;
		};
/* End PBXFrameworksBuildPhase section */

/* Begin PBXGroup section */
		DD7EB9AC29D31ABA00371AD8 = {
			isa = PBXGroup;
			children = (
				DD7EB9B729D31ABB00371AD8 /* NavigationWithoutSegues */,
				DD7EB9B629D31ABB00371AD8 /* Products */,
			);
			sourceTree = "<group>";
		};
		DD7EB9B629D31ABB00371AD8 /* Products */ = {
			isa = PBXGroup;
			children = (
				DD7EB9B529D31ABB00371AD8 /* NavigationWithoutSegues.app */,
			);
			name = Products;
			sourceTree = "<group>";
		};
		DD7EB9B729D31ABB00371AD8 /* NavigationWithoutSegues */ = {
			isa = PBXGroup;
			children = (
				DD7EB9D329D3248600371AD8 /* Application */,
				DD81802B29D336DD00C4DF1F /* Terms */,
				DD81802429D331EB00C4DF1F /* Login */,
				DD7EB9CD29D3214000371AD8 /* Demo */,
				DD7EB9CC29D31F9700371AD8 /* Main */,
				DD7EB9C129D31AC000371AD8 /* Assets.xcassets */,
				DD7EB9C329D31AC000371AD8 /* LaunchScreen.storyboard */,
				DD7EB9C629D31AC000371AD8 /* Info.plist */,
			);
			path = NavigationWithoutSegues;
			sourceTree = "<group>";
		};
		DD7EB9CC29D31F9700371AD8 /* Main */ = {
			isa = PBXGroup;
			children = (
				DD7EB9BC29D31ABB00371AD8 /* ViewController.swift */,
				DD7EB9BE29D31ABB00371AD8 /* Main.storyboard */,
			);
			path = Main;
			sourceTree = "<group>";
		};
		DD7EB9CD29D3214000371AD8 /* Demo */ = {
			isa = PBXGroup;
			children = (
				DD7EB9CF29D3217500371AD8 /* DemoViewController.swift */,
				DD7EB9D129D321AE00371AD8 /* DemoViewController.storyboard */,
			);
			path = Demo;
			sourceTree = "<group>";
		};
		DD7EB9D329D3248600371AD8 /* Application */ = {
			isa = PBXGroup;
			children = (
				DD7EB9B829D31ABB00371AD8 /* AppDelegate.swift */,
				DD7EB9BA29D31ABB00371AD8 /* SceneDelegate.swift */,
			);
			path = Application;
			sourceTree = "<group>";
		};
		DD81802429D331EB00C4DF1F /* Login */ = {
			isa = PBXGroup;
			children = (
				DD81802529D331FD00C4DF1F /* LoginViewController.swift */,
				DD81802729D3321C00C4DF1F /* LoginViewController.storyboard */,
			);
			path = Login;
			sourceTree = "<group>";
		};
		DD81802B29D336DD00C4DF1F /* Terms */ = {
			isa = PBXGroup;
			children = (
				DD81802929D336D400C4DF1F /* TermsViewController.storyboard */,
				DD81802C29D336F500C4DF1F /* TermsViewController.swift */,
			);
			path = Terms;
			sourceTree = "<group>";
		};
/* End PBXGroup section */

/* Begin PBXNativeTarget section */
		DD7EB9B429D31ABB00371AD8 /* NavigationWithoutSegues */ = {
			isa = PBXNativeTarget;
			buildConfigurationList = DD7EB9C929D31AC000371AD8 /* Build configuration list for PBXNativeTarget "NavigationWithoutSegues" */;
			buildPhases = (
				DD7EB9B129D31ABB00371AD8 /* Sources */,
				DD7EB9B229D31ABB00371AD8 /* Frameworks */,
				DD7EB9B329D31ABB00371AD8 /* Resources */,
			);
			buildRules = (
			);
			dependencies = (
			);
			name = NavigationWithoutSegues;
			productName = NavigationWithoutSegues;
			productReference = DD7EB9B529D31ABB00371AD8 /* NavigationWithoutSegues.app */;
			productType = "com.apple.product-type.application";
		};
/* End PBXNativeTarget section */

/* Begin PBXProject section */
		DD7EB9AD29D31ABA00371AD8 /* Project object */ = {
			isa = PBXProject;
			attributes = {
				BuildIndependentTargetsInParallel = 1;
				LastSwiftUpdateCheck = 1420;
				LastUpgradeCheck = 1420;
				TargetAttributes = {
					DD7EB9B429D31ABB00371AD8 = {
						CreatedOnToolsVersion = 14.2;
					};
				};
			};
			buildConfigurationList = DD7EB9B029D31ABA00371AD8 /* Build configuration list for PBXProject "NavigationWithoutSegues" */;
			compatibilityVersion = "Xcode 14.0";
			developmentRegion = en;
			hasScannedForEncodings = 0;
			knownRegions = (
				en,
				Base,
			);
			mainGroup = DD7EB9AC29D31ABA00371AD8;
			productRefGroup = DD7EB9B629D31ABB00371AD8 /* Products */;
			projectDirPath = "";
			projectRoot = "";
			targets = (
				DD7EB9B429D31ABB00371AD8 /* NavigationWithoutSegues */,
			);
		};
/* End PBXProject section */

/* Begin PBXResourcesBuildPhase section */
		DD7EB9B329D31ABB00371AD8 /* Resources */ = {
			isa = PBXResourcesBuildPhase;
			buildActionMask = 2147483647;
			files = (
				DD7EB9D229D321AE00371AD8 /* DemoViewController.storyboard in Resources */,
				DD7EB9C529D31AC000371AD8 /* LaunchScreen.storyboard in Resources */,
				DD81802829D3321C00C4DF1F /* LoginViewController.storyboard in Resources */,
				DD7EB9C229D31AC000371AD8 /* Assets.xcassets in Resources */,
				DD7EB9C029D31ABB00371AD8 /* Main.storyboard in Resources */,
				DD81802A29D336D400C4DF1F /* TermsViewController.storyboard in Resources */,
			);
			runOnlyForDeploymentPostprocessing = 0;
		};
/* End PBXResourcesBuildPhase section */

/* Begin PBXSourcesBuildPhase section */
		DD7EB9B129D31ABB00371AD8 /* Sources */ = {
			isa = PBXSourcesBuildPhase;
			buildActionMask = 2147483647;
			files = (
				DD7EB9BD29D31ABB00371AD8 /* ViewController.swift in Sources */,
				DD7EB9B929D31ABB00371AD8 /* AppDelegate.swift in Sources */,
				DD7EB9BB29D31ABB00371AD8 /* SceneDelegate.swift in Sources */,
				DD81802629D331FD00C4DF1F /* LoginViewController.swift in Sources */,
				DD81802D29D336F500C4DF1F /* TermsViewController.swift in Sources */,
				DD7EB9D029D3217500371AD8 /* DemoViewController.swift in Sources */,
			);
			runOnlyForDeploymentPostprocessing = 0;
		};
/* End PBXSourcesBuildPhase section */

/* Begin PBXVariantGroup section */
		DD7EB9BE29D31ABB00371AD8 /* Main.storyboard */ = {
			isa = PBXVariantGroup;
			children = (
				DD7EB9BF29D31ABB00371AD8 /* Base */,
			);
			name = Main.storyboard;
			sourceTree = "<group>";
		};
		DD7EB9C329D31AC000371AD8 /* LaunchScreen.storyboard */ = {
			isa = PBXVariantGroup;
			children = (
				DD7EB9C429D31AC000371AD8 /* Base */,
			);
			name = LaunchScreen.storyboard;
			sourceTree = "<group>";
		};
/* End PBXVariantGroup section */

/* Begin XCBuildConfiguration section */
		DD7EB9C729D31AC000371AD8 /* Debug */ = {
			isa = XCBuildConfiguration;
			buildSettings = {
				ALWAYS_SEARCH_USER_PATHS = NO;
				CLANG_ANALYZER_NONNULL = YES;
				CLANG_ANALYZER_NUMBER_OBJECT_CONVERSION = YES_AGGRESSIVE;
				CLANG_CXX_LANGUAGE_STANDARD = "gnu++20";
				CLANG_ENABLE_MODULES = YES;
				CLANG_ENABLE_OBJC_ARC = YES;
				CLANG_ENABLE_OBJC_WEAK = YES;
				CLANG_WARN_BLOCK_CAPTURE_AUTORELEASING = YES;
				CLANG_WARN_BOOL_CONVERSION = YES;
				CLANG_WARN_COMMA = YES;
				CLANG_WARN_CONSTANT_CONVERSION = YES;
				CLANG_WARN_DEPRECATED_OBJC_IMPLEMENTATIONS = YES;
				CLANG_WARN_DIRECT_OBJC_ISA_USAGE = YES_ERROR;
				CLANG_WARN_DOCUMENTATION_COMMENTS = YES;
				CLANG_WARN_EMPTY_BODY = YES;
				CLANG_WARN_ENUM_CONVERSION = YES;
				CLANG_WARN_INFINITE_RECURSION = YES;
				CLANG_WARN_INT_CONVERSION = YES;
				CLANG_WARN_NON_LITERAL_NULL_CONVERSION = YES;
				CLANG_WARN_OBJC_IMPLICIT_RETAIN_SELF = YES;
				CLANG_WARN_OBJC_LITERAL_CONVERSION = YES;
				CLANG_WARN_OBJC_ROOT_CLASS = YES_ERROR;
				CLANG_WARN_QUOTED_INCLUDE_IN_FRAMEWORK_HEADER = YES;
				CLANG_WARN_RANGE_LOOP_ANALYSIS = YES;
				CLANG_WARN_STRICT_PROTOTYPES = YES;
				CLANG_WARN_SUSPICIOUS_MOVE = YES;
				CLANG_WARN_UNGUARDED_AVAILABILITY = YES_AGGRESSIVE;
				CLANG_WARN_UNREACHABLE_CODE = YES;
				CLANG_WARN__DUPLICATE_METHOD_MATCH = YES;
				COPY_PHASE_STRIP = NO;
				DEBUG_INFORMATION_FORMAT = dwarf;
				ENABLE_STRICT_OBJC_MSGSEND = YES;
				ENABLE_TESTABILITY = YES;
				GCC_C_LANGUAGE_STANDARD = gnu11;
				GCC_DYNAMIC_NO_PIC = NO;
				GCC_NO_COMMON_BLOCKS = YES;
				GCC_OPTIMIZATION_LEVEL = 0;
				GCC_PREPROCESSOR_DEFINITIONS = (
					"DEBUG=1",
					"$(inherited)",
				);
				GCC_WARN_64_TO_32_BIT_CONVERSION = YES;
				GCC_WARN_ABOUT_RETURN_TYPE = YES_ERROR;
				GCC_WARN_UNDECLARED_SELECTOR = YES;
				GCC_WARN_UNINITIALIZED_AUTOS = YES_AGGRESSIVE;
				GCC_WARN_UNUSED_FUNCTION = YES;
				GCC_WARN_UNUSED_VARIABLE = YES;
				IPHONEOS_DEPLOYMENT_TARGET = 16.2;
				MTL_ENABLE_DEBUG_INFO = INCLUDE_SOURCE;
				MTL_FAST_MATH = YES;
				ONLY_ACTIVE_ARCH = YES;
				SDKROOT = iphoneos;
				SWIFT_ACTIVE_COMPILATION_CONDITIONS = DEBUG;
				SWIFT_OPTIMIZATION_LEVEL = "-Onone";
			};
			name = Debug;
		};
		DD7EB9C829D31AC000371AD8 /* Release */ = {
			isa = XCBuildConfiguration;
			buildSettings = {
				ALWAYS_SEARCH_USER_PATHS = NO;
				CLANG_ANALYZER_NONNULL = YES;
				CLANG_ANALYZER_NUMBER_OBJECT_CONVERSION = YES_AGGRESSIVE;
				CLANG_CXX_LANGUAGE_STANDARD = "gnu++20";
				CLANG_ENABLE_MODULES = YES;
				CLANG_ENABLE_OBJC_ARC = YES;
				CLANG_ENABLE_OBJC_WEAK = YES;
				CLANG_WARN_BLOCK_CAPTURE_AUTORELEASING = YES;
				CLANG_WARN_BOOL_CONVERSION = YES;
				CLANG_WARN_COMMA = YES;
				CLANG_WARN_CONSTANT_CONVERSION = YES;
				CLANG_WARN_DEPRECATED_OBJC_IMPLEMENTATIONS = YES;
				CLANG_WARN_DIRECT_OBJC_ISA_USAGE = YES_ERROR;
				CLANG_WARN_DOCUMENTATION_COMMENTS = YES;
				CLANG_WARN_EMPTY_BODY = YES;
				CLANG_WARN_ENUM_CONVERSION = YES;
				CLANG_WARN_INFINITE_RECURSION = YES;
				CLANG_WARN_INT_CONVERSION = YES;
				CLANG_WARN_NON_LITERAL_NULL_CONVERSION = YES;
				CLANG_WARN_OBJC_IMPLICIT_RETAIN_SELF = YES;
				CLANG_WARN_OBJC_LITERAL_CONVERSION = YES;
				CLANG_WARN_OBJC_ROOT_CLASS = YES_ERROR;
				CLANG_WARN_QUOTED_INCLUDE_IN_FRAMEWORK_HEADER = YES;
				CLANG_WARN_RANGE_LOOP_ANALYSIS = YES;
				CLANG_WARN_STRICT_PROTOTYPES = YES;
				CLANG_WARN_SUSPICIOUS_MOVE = YES;
				CLANG_WARN_UNGUARDED_AVAILABILITY = YES_AGGRESSIVE;
				CLANG_WARN_UNREACHABLE_CODE = YES;
				CLANG_WARN__DUPLICATE_METHOD_MATCH = YES;
				COPY_PHASE_STRIP = NO;
				DEBUG_INFORMATION_FORMAT = "dwarf-with-dsym";
				ENABLE_NS_ASSERTIONS = NO;
				ENABLE_STRICT_OBJC_MSGSEND = YES;
				GCC_C_LANGUAGE_STANDARD = gnu11;
				GCC_NO_COMMON_BLOCKS = YES;
				GCC_WARN_64_TO_32_BIT_CONVERSION = YES;
				GCC_WARN_ABOUT_RETURN_TYPE = YES_ERROR;
				GCC_WARN_UNDECLARED_SELECTOR = YES;
				GCC_WARN_UNINITIALIZED_AUTOS = YES_AGGRESSIVE;
				GCC_WARN_UNUSED_FUNCTION = YES;
				GCC_WARN_UNUSED_VARIABLE = YES;
				IPHONEOS_DEPLOYMENT_TARGET = 16.2;
				MTL_ENABLE_DEBUG_INFO = NO;
				MTL_FAST_MATH = YES;
				SDKROOT = iphoneos;
				SWIFT_COMPILATION_MODE = wholemodule;
				SWIFT_OPTIMIZATION_LEVEL = "-O";
				VALIDATE_PRODUCT = YES;
			};
			name = Release;
		};
		DD7EB9CA29D31AC000371AD8 /* Debug */ = {
			isa = XCBuildConfiguration;
			buildSettings = {
				ASSETCATALOG_COMPILER_APPICON_NAME = AppIcon;
				ASSETCATALOG_COMPILER_GLOBAL_ACCENT_COLOR_NAME = AccentColor;
				CODE_SIGN_STYLE = Automatic;
				CURRENT_PROJECT_VERSION = 1;
				DEVELOPMENT_TEAM = 7YW3V66545;
				GENERATE_INFOPLIST_FILE = YES;
				INFOPLIST_FILE = NavigationWithoutSegues/Info.plist;
				INFOPLIST_KEY_UIApplicationSupportsIndirectInputEvents = YES;
				INFOPLIST_KEY_UILaunchStoryboardName = LaunchScreen;
				INFOPLIST_KEY_UIMainStoryboardFile = Main;
				INFOPLIST_KEY_UISupportedInterfaceOrientations = UIInterfaceOrientationPortrait;
				INFOPLIST_KEY_UISupportedInterfaceOrientations_iPad = "UIInterfaceOrientationLandscapeLeft UIInterfaceOrientationLandscapeRight UIInterfaceOrientationPortrait UIInterfaceOrientationPortraitUpsideDown";
				IPHONEOS_DEPLOYMENT_TARGET = 13.0;
				LD_RUNPATH_SEARCH_PATHS = (
					"$(inherited)",
					"@executable_path/Frameworks",
				);
				MARKETING_VERSION = 1.0;
				PRODUCT_BUNDLE_IDENTIFIER = Hieronius.NavigationWithoutSegues;
				PRODUCT_NAME = "$(TARGET_NAME)";
				SUPPORTED_PLATFORMS = "iphoneos iphonesimulator";
				SUPPORTS_MACCATALYST = NO;
				SUPPORTS_MAC_DESIGNED_FOR_IPHONE_IPAD = NO;
				SWIFT_EMIT_LOC_STRINGS = YES;
				SWIFT_VERSION = 5.0;
				TARGETED_DEVICE_FAMILY = 1;
			};
			name = Debug;
		};
		DD7EB9CB29D31AC000371AD8 /* Release */ = {
			isa = XCBuildConfiguration;
			buildSettings = {
				ASSETCATALOG_COMPILER_APPICON_NAME = AppIcon;
				ASSETCATALOG_COMPILER_GLOBAL_ACCENT_COLOR_NAME = AccentColor;
				CODE_SIGN_STYLE = Automatic;
				CURRENT_PROJECT_VERSION = 1;
				DEVELOPMENT_TEAM = 7YW3V66545;
				GENERATE_INFOPLIST_FILE = YES;
				INFOPLIST_FILE = NavigationWithoutSegues/Info.plist;
				INFOPLIST_KEY_UIApplicationSupportsIndirectInputEvents = YES;
				INFOPLIST_KEY_UILaunchStoryboardName = LaunchScreen;
				INFOPLIST_KEY_UIMainStoryboardFile = Main;
				INFOPLIST_KEY_UISupportedInterfaceOrientations = UIInterfaceOrientationPortrait;
				INFOPLIST_KEY_UISupportedInterfaceOrientations_iPad = "UIInterfaceOrientationLandscapeLeft UIInterfaceOrientationLandscapeRight UIInterfaceOrientationPortrait UIInterfaceOrientationPortraitUpsideDown";
				IPHONEOS_DEPLOYMENT_TARGET = 13.0;
				LD_RUNPATH_SEARCH_PATHS = (
					"$(inherited)",
					"@executable_path/Frameworks",
				);
				MARKETING_VERSION = 1.0;
				PRODUCT_BUNDLE_IDENTIFIER = Hieronius.NavigationWithoutSegues;
				PRODUCT_NAME = "$(TARGET_NAME)";
				SUPPORTED_PLATFORMS = "iphoneos iphonesimulator";
				SUPPORTS_MACCATALYST = NO;
				SUPPORTS_MAC_DESIGNED_FOR_IPHONE_IPAD = NO;
				SWIFT_EMIT_LOC_STRINGS = YES;
				SWIFT_VERSION = 5.0;
				TARGETED_DEVICE_FAMILY = 1;
			};
			name = Release;
		};
/* End XCBuildConfiguration section */

/* Begin XCConfigurationList section */
		DD7EB9B029D31ABA00371AD8 /* Build configuration list for PBXProject "NavigationWithoutSegues" */ = {
			isa = XCConfigurationList;
			buildConfigurations = (
				DD7EB9C729D31AC000371AD8 /* Debug */,
				DD7EB9C829D31AC000371AD8 /* Release */,
			);
			defaultConfigurationIsVisible = 0;
			defaultConfigurationName = Release;
		};
		DD7EB9C929D31AC000371AD8 /* Build configuration list for PBXNativeTarget "NavigationWithoutSegues" */ = {
			isa = XCConfigurationList;
			buildConfigurations = (
				DD7EB9CA29D31AC000371AD8 /* Debug */,
				DD7EB9CB29D31AC000371AD8 /* Release */,
			);
			defaultConfigurationIsVisible = 0;
			defaultConfigurationName = Release;
		};
/* End XCConfigurationList section */
	};
	rootObject = DD7EB9AD29D31ABA00371AD8 /* Project object */;
}
